name: clock

# The only thing that runs this repo. Three schedules and a manual dispatch,
# all funnelled through jobs/run.mjs, which maps the incoming cron string (or
# the dispatch input) to a job module.
#
# Concurrency is keyed on the schedule, not on the workflow, so a slow poll
# tick can never overlap the next poll tick while still letting source and
# touch run alongside it.

on:
  schedule:
    - cron: '*/20 8-20 * * 1-5'   # poll
    - cron: '0 14 * * 1-5'        # touch
    - cron: '0 13 * * 1'          # source
  workflow_dispatch:
    inputs:
      job:
        description: Job to run by name
        required: true
        type: string

concurrency:
  group: clock-${{ github.event.schedule || inputs.job }}
  cancel-in-progress: false

jobs:
  run:
    runs-on: ubuntu-latest
    timeout-minutes: 10
    permissions:
      contents: write   # the source run commits the heartbeat file
      id-token: write   # OIDC exchange for the GCP workload identity provider
    steps:
      - uses: actions/checkout@v4
      - uses: pnpm/action-setup@v4
      - uses: actions/setup-node@v4
        with:
          node-version: 22
      - name: Install
        run: pnpm install --frozen-lockfile

      # Keyless: no service account key exists, and none can be created —
      # the org enforces iam.managed.disableServiceAccountKeyCreation.
      # Skipped when the vars are unset so the workflow still parses and runs
      # before anyone configures GCP.
      - name: Authenticate to Google Cloud
        id: auth
        if: vars.GCP_WORKLOAD_IDENTITY_PROVIDER != ''
        uses: google-github-actions/auth@v2
        with:
          workload_identity_provider: ${{ vars.GCP_WORKLOAD_IDENTITY_PROVIDER }}
          service_account: ${{ vars.GCP_SERVICE_ACCOUNT }}
          token_format: access_token

      - name: Run job
        env:
          DATABASE_URL: ${{ secrets.DATABASE_URL }}
          CLAUDE_CODE_OAUTH_TOKEN: ${{ secrets.CLAUDE_CODE_OAUTH_TOKEN }}
          GCP_PROJECT: ${{ vars.GCP_PROJECT }}
          # The auth action returns the minted token as a step output, not an
          # env var; a token here is proof the OIDC exchange actually ran.
          GOOGLE_OAUTH_ACCESS_TOKEN: ${{ steps.auth.outputs.access_token }}
          SCHEDULE: ${{ github.event.schedule }}
          JOB: ${{ inputs.job }}
        run: pnpm job

      # GitHub disables schedules on a repo with sixty days of no activity.
      # The weekly source run commits a dated file so that clock never expires.
      - name: Commit heartbeat
        if: github.event.schedule == '0 13 * * 1'
        run: |
          git config user.name 'bcns-clock'
          git config user.email 'bcns-clock@users.noreply.github.com'
          git add outputs/heartbeat
          git diff --cached --quiet || git commit -m 'chore: heartbeat'
          git push
